
Microsoft Visual Studio Solution File, Format Version 12.00
# Visual Studio 14
VisualStudioVersion = 14.0.25420.1
MinimumVisualStudioVersion = 10.0.40219.1
Project("{FAE04EC0-301F-11D3-BF4B-00C04F79EFBC}") = "People.SelfHostedApi", "People.SelfHostedApi\People.SelfHostedApi.csproj", "{CF01E8B8-0E6C-493A-8CD1-F13C350DE01C}"
EndProject
Project("{FAE04EC0-301F-11D3-BF4B-00C04F79EFBC}") = "People.SelfHostedApi.Tests", "People.SelfHostedApi.Tests\People.SelfHostedApi.Tests.csproj", "{8EDF4429-251A-416D-BB68-93F227191BCF}"
EndProject
Project("{FAE04EC0-301F-11D3-BF4B-00C04F79EFBC}") = "People.Services", "People.Services\People.Services.csproj", "{6C667D3F-8AB6-432B-AC0F-6862B79E3C4A}"
EndProject
Project("{FAE04EC0-301F-11D3-BF4B-00C04F79EFBC}") = "People.Domain", "People.Domain\People.Domain.csproj", "{FF9931F2-02F8-4432-9DC9-CD2E5116A617}"
EndProject
Project("{FAE04EC0-301F-11D3-BF4B-00C04F79EFBC}") = "People.Domain.Tests", "People.Domain.Tests\People.Domain.Tests.csproj", "{D306AD24-E919-45E6-AA27-B9140D62B1FA}"
EndProject
Project("{FAE04EC0-301F-11D3-BF4B-00C04F79EFBC}") = "People.Services.Tests", "People.Services.Tests\People.Services.Tests.csproj", "{4DFD42D4-6C18-4B21-ABD2-91E25D09C333}"
EndProject
Project("{2150E333-8FDC-42A3-9474-1A3956D46DE8}") = "Core", "Core", "{5075B60A-2C63-44BB-9464-BDE257455B7E}"
EndProject
Project("{2150E333-8FDC-42A3-9474-1A3956D46DE8}") = "Api", "Api", "{8F3CD086-5183-479D-9710-430779346F5C}"
EndProject
Project("{2150E333-8FDC-42A3-9474-1A3956D46DE8}") = "TestSuites", "TestSuites", "{8C1D7749-2D81-41CE-85E8-61B41703F410}"
EndProject
Global
	GlobalSection(SolutionConfigurationPlatforms) = preSolution
		Debug|Any CPU = Debug|Any CPU
		Release|Any CPU = Release|Any CPU
	EndGlobalSection
	GlobalSection(ProjectConfigurationPlatforms) = postSolution
		{CF01E8B8-0E6C-493A-8CD1-F13C350DE01C}.Debug|Any CPU.ActiveCfg = Debug|Any CPU
		{CF01E8B8-0E6C-493A-8CD1-F13C350DE01C}.Debug|Any CPU.Build.0 = Debug|Any CPU
		{CF01E8B8-0E6C-493A-8CD1-F13C350DE01C}.Release|Any CPU.ActiveCfg = Release|Any CPU
		{CF01E8B8-0E6C-493A-8CD1-F13C350DE01C}.Release|Any CPU.Build.0 = Release|Any CPU
		{8EDF4429-251A-416D-BB68-93F227191BCF}.Debug|Any CPU.ActiveCfg = Debug|Any CPU
		{8EDF4429-251A-416D-BB68-93F227191BCF}.Debug|Any CPU.Build.0 = Debug|Any CPU
		{8EDF4429-251A-416D-BB68-93F227191BCF}.Release|Any CPU.ActiveCfg = Release|Any CPU
		{8EDF4429-251A-416D-BB68-93F227191BCF}.Release|Any CPU.Build.0 = Release|Any CPU
		{6C667D3F-8AB6-432B-AC0F-6862B79E3C4A}.Debug|Any CPU.ActiveCfg = Debug|Any CPU
		{6C667D3F-8AB6-432B-AC0F-6862B79E3C4A}.Debug|Any CPU.Build.0 = Debug|Any CPU
		{6C667D3F-8AB6-432B-AC0F-6862B79E3C4A}.Release|Any CPU.ActiveCfg = Release|Any CPU
		{6C667D3F-8AB6-432B-AC0F-6862B79E3C4A}.Release|Any CPU.Build.0 = Release|Any CPU
		{FF9931F2-02F8-4432-9DC9-CD2E5116A617}.Debug|Any CPU.ActiveCfg = Debug|Any CPU
		{FF9931F2-02F8-4432-9DC9-CD2E5116A617}.Debug|Any CPU.Build.0 = Debug|Any CPU
		{FF9931F2-02F8-4432-9DC9-CD2E5116A617}.Release|Any CPU.ActiveCfg = Release|Any CPU
		{FF9931F2-02F8-4432-9DC9-CD2E5116A617}.Release|Any CPU.Build.0 = Release|Any CPU
		{D306AD24-E919-45E6-AA27-B9140D62B1FA}.Debug|Any CPU.ActiveCfg = Debug|Any CPU
		{D306AD24-E919-45E6-AA27-B9140D62B1FA}.Debug|Any CPU.Build.0 = Debug|Any CPU
		{D306AD24-E919-45E6-AA27-B9140D62B1FA}.Release|Any CPU.ActiveCfg = Release|Any CPU
		{D306AD24-E919-45E6-AA27-B9140D62B1FA}.Release|Any CPU.Build.0 = Release|Any CPU
		{4DFD42D4-6C18-4B21-ABD2-91E25D09C333}.Debug|Any CPU.ActiveCfg = Debug|Any CPU
		{4DFD42D4-6C18-4B21-ABD2-91E25D09C333}.Debug|Any CPU.Build.0 = Debug|Any CPU
		{4DFD42D4-6C18-4B21-ABD2-91E25D09C333}.Release|Any CPU.ActiveCfg = Release|Any CPU
		{4DFD42D4-6C18-4B21-ABD2-91E25D09C333}.Release|Any CPU.Build.0 = Release|Any CPU
	EndGlobalSection
	GlobalSection(SolutionProperties) = preSolution
		HideSolutionNode = FALSE
	EndGlobalSection
	GlobalSection(NestedProjects) = preSolution
		{CF01E8B8-0E6C-493A-8CD1-F13C350DE01C} = {8F3CD086-5183-479D-9710-430779346F5C}
		{8EDF4429-251A-416D-BB68-93F227191BCF} = {8C1D7749-2D81-41CE-85E8-61B41703F410}
		{6C667D3F-8AB6-432B-AC0F-6862B79E3C4A} = {5075B60A-2C63-44BB-9464-BDE257455B7E}
		{FF9931F2-02F8-4432-9DC9-CD2E5116A617} = {5075B60A-2C63-44BB-9464-BDE257455B7E}
		{D306AD24-E919-45E6-AA27-B9140D62B1FA} = {8C1D7749-2D81-41CE-85E8-61B41703F410}
		{4DFD42D4-6C18-4B21-ABD2-91E25D09C333} = {8C1D7749-2D81-41CE-85E8-61B41703F410}
	EndGlobalSection
EndGlobal
